
Microsoft Visual Studio Solution File, Format Version 12.00
# Visual Studio 15
VisualStudioVersion = 15.0.26403.3
MinimumVisualStudioVersion = 10.0.40219.1
Project("{2150E333-8FDC-42A3-9474-1A3956D46DE8}") = ".build", ".build", "{AA577967-C0C2-4028-986F-410368B9D342}"
	ProjectSection(SolutionItems) = preProject
		..\build.bat = ..\build.bat
		..\build.fsx = ..\build.fsx
	EndProjectSection
EndProject
Project("{FAE04EC0-301F-11D3-BF4B-00C04F79EFBC}") = "Genesis.AsyncInitializationGuard", "Genesis.AsyncInitializationGuard\Genesis.AsyncInitializationGuard.csproj", "{B676D4AA-08DF-4595-BCB3-11C9826FC47A}"
EndProject
Project("{FAE04EC0-301F-11D3-BF4B-00C04F79EFBC}") = "Genesis.AsyncInitializationGuard.UnitTests", "Genesis.AsyncInitializationGuard.UnitTests\Genesis.AsyncInitializationGuard.UnitTests.csproj", "{BA8EACDE-5695-4930-8614-68B217216B13}"
EndProject
Global
	GlobalSection(SolutionConfigurationPlatforms) = preSolution
		Debug|Any CPU = Debug|Any CPU
		Release|Any CPU = Release|Any CPU
	EndGlobalSection
	GlobalSection(ProjectConfigurationPlatforms) = postSolution
		{B676D4AA-08DF-4595-BCB3-11C9826FC47A}.Debug|Any CPU.ActiveCfg = Debug|Any CPU
		{B676D4AA-08DF-4595-BCB3-11C9826FC47A}.Debug|Any CPU.Build.0 = Debug|Any CPU
		{B676D4AA-08DF-4595-BCB3-11C9826FC47A}.Release|Any CPU.ActiveCfg = Release|Any CPU
		{B676D4AA-08DF-4595-BCB3-11C9826FC47A}.Release|Any CPU.Build.0 = Release|Any CPU
		{BA8EACDE-5695-4930-8614-68B217216B13}.Debug|Any CPU.ActiveCfg = Debug|Any CPU
		{BA8EACDE-5695-4930-8614-68B217216B13}.Debug|Any CPU.Build.0 = Debug|Any CPU
		{BA8EACDE-5695-4930-8614-68B217216B13}.Release|Any CPU.ActiveCfg = Release|Any CPU
		{BA8EACDE-5695-4930-8614-68B217216B13}.Release|Any CPU.Build.0 = Release|Any CPU
	EndGlobalSection
	GlobalSection(SolutionProperties) = preSolution
		HideSolutionNode = FALSE
	EndGlobalSection
EndGlobal
